// !$*UTF8*$!
{
	archiveVersion = 1;
	classes = {
	};
	objectVersion = 46;
	objects = {

/* Begin PBXBuildFile section */
		4E3C2C981AAC146A008D9307 /* AppDelegate.swift in Sources */ = {isa = PBXBuildFile; fileRef = 4E3C2C971AAC146A008D9307 /* AppDelegate.swift */; };
		4E3C2C9A1AAC146A008D9307 /* RecordSoundBiteViewController.swift in Sources */ = {isa = PBXBuildFile; fileRef = 4E3C2C991AAC146A008D9307 /* RecordSoundBiteViewController.swift */; };
		4E3C2C9D1AAC146A008D9307 /* Main.storyboard in Resources */ = {isa = PBXBuildFile; fileRef = 4E3C2C9B1AAC146A008D9307 /* Main.storyboard */; };
		4E3C2C9F1AAC146A008D9307 /* Images.xcassets in Resources */ = {isa = PBXBuildFile; fileRef = 4E3C2C9E1AAC146A008D9307 /* Images.xcassets */; };
		4E3C2CA21AAC146A008D9307 /* LaunchScreen.xib in Resources */ = {isa = PBXBuildFile; fileRef = 4E3C2CA01AAC146A008D9307 /* LaunchScreen.xib */; };
		4E3C2CAE1AAC146A008D9307 /* Pitch_PerfectTests.swift in Sources */ = {isa = PBXBuildFile; fileRef = 4E3C2CAD1AAC146A008D9307 /* Pitch_PerfectTests.swift */; };
		4E3C2CB81AAD1AF5008D9307 /* PlaySoundBiteViewController.swift in Sources */ = {isa = PBXBuildFile; fileRef = 4E3C2CB71AAD1AF5008D9307 /* PlaySoundBiteViewController.swift */; };
		4E49772D1AB29B1B00C6C02C /* SoundBite.swift in Sources */ = {isa = PBXBuildFile; fileRef = 4E49772C1AB29B1A00C6C02C /* SoundBite.swift */; };
		4E49772F1AB4C62B00C6C02C /* SoundBiteManager.swift in Sources */ = {isa = PBXBuildFile; fileRef = 4E49772E1AB4C62B00C6C02C /* SoundBiteManager.swift */; };
/* End PBXBuildFile section */

/* Begin PBXContainerItemProxy section */
		4E3C2CA81AAC146A008D9307 /* PBXContainerItemProxy */ = {
			isa = PBXContainerItemProxy;
			containerPortal = 4E3C2C8A1AAC146A008D9307 /* Project object */;
			proxyType = 1;
			remoteGlobalIDString = 4E3C2C911AAC146A008D9307;
			remoteInfo = "Pitch Perfect";
		};
/* End PBXContainerItemProxy section */

/* Begin PBXFileReference section */
		4E3C2C921AAC146A008D9307 /* Pitch Perfect.app */ = {isa = PBXFileReference; explicitFileType = wrapper.application; includeInIndex = 0; path = "Pitch Perfect.app"; sourceTree = BUILT_PRODUCTS_DIR; };
		4E3C2C961AAC146A008D9307 /* Info.plist */ = {isa = PBXFileReference; lastKnownFileType = text.plist.xml; path = Info.plist; sourceTree = "<group>"; };
		4E3C2C971AAC146A008D9307 /* AppDelegate.swift */ = {isa = PBXFileReference; lastKnownFileType = sourcecode.swift; path = AppDelegate.swift; sourceTree = "<group>"; };
		4E3C2C991AAC146A008D9307 /* RecordSoundBiteViewController.swift */ = {isa = PBXFileReference; lastKnownFileType = sourcecode.swift; path = RecordSoundBiteViewController.swift; sourceTree = "<group>"; };
		4E3C2C9C1AAC146A008D9307 /* Base */ = {isa = PBXFileReference; lastKnownFileType = file.storyboard; name = Base; path = Base.lproj/Main.storyboard; sourceTree = "<group>"; };
		4E3C2C9E1AAC146A008D9307 /* Images.xcassets */ = {isa = PBXFileReference; lastKnownFileType = folder.assetcatalog; path = Images.xcassets; sourceTree = "<group>"; };
		4E3C2CA11AAC146A008D9307 /* Base */ = {isa = PBXFileReference; lastKnownFileType = file.xib; name = Base; path = Base.lproj/LaunchScreen.xib; sourceTree = "<group>"; };
		4E3C2CA71AAC146A008D9307 /* Pitch PerfectTests.xctest */ = {isa = PBXFileReference; explicitFileType = wrapper.cfbundle; includeInIndex = 0; path = "Pitch PerfectTests.xctest"; sourceTree = BUILT_PRODUCTS_DIR; };
		4E3C2CAC1AAC146A008D9307 /* Info.plist */ = {isa = PBXFileReference; lastKnownFileType = text.plist.xml; path = Info.plist; sourceTree = "<group>"; };
		4E3C2CAD1AAC146A008D9307 /* Pitch_PerfectTests.swift */ = {isa = PBXFileReference; lastKnownFileType = sourcecode.swift; path = Pitch_PerfectTests.swift; sourceTree = "<group>"; };
		4E3C2CB71AAD1AF5008D9307 /* PlaySoundBiteViewController.swift */ = {isa = PBXFileReference; fileEncoding = 4; lastKnownFileType = sourcecode.swift; path = PlaySoundBiteViewController.swift; sourceTree = "<group>"; };
		4E49772C1AB29B1A00C6C02C /* SoundBite.swift */ = {isa = PBXFileReference; fileEncoding = 4; lastKnownFileType = sourcecode.swift; path = SoundBite.swift; sourceTree = "<group>"; };
		4E49772E1AB4C62B00C6C02C /* SoundBiteManager.swift */ = {isa = PBXFileReference; fileEncoding = 4; lastKnownFileType = sourcecode.swift; path = SoundBiteManager.swift; sourceTree = "<group>"; };
/* End PBXFileReference section */

/* Begin PBXFrameworksBuildPhase section */
		4E3C2C8F1AAC146A008D9307 /* Frameworks */ = {
			isa = PBXFrameworksBuildPhase;
			buildActionMask = 2147483647;
			files = (
			);
			runOnlyForDeploymentPostprocessing = 0;
		};
		4E3C2CA41AAC146A008D9307 /* Frameworks */ = {
			isa = PBXFrameworksBuildPhase;
			buildActionMask = 2147483647;
			files = (
			);
			runOnlyForDeploymentPostprocessing = 0;
		};
/* End PBXFrameworksBuildPhase section */

/* Begin PBXGroup section */
		4E3C2C891AAC146A008D9307 = {
			isa = PBXGroup;
			children = (
				4E3C2C941AAC146A008D9307 /* Pitch Perfect */,
				4E3C2CAA1AAC146A008D9307 /* Pitch PerfectTests */,
				4E3C2C931AAC146A008D9307 /* Products */,
			);
			sourceTree = "<group>";
		};
		4E3C2C931AAC146A008D9307 /* Products */ = {
			isa = PBXGroup;
			children = (
				4E3C2C921AAC146A008D9307 /* Pitch Perfect.app */,
				4E3C2CA71AAC146A008D9307 /* Pitch PerfectTests.xctest */,
			);
			name = Products;
			sourceTree = "<group>";
		};
		4E3C2C941AAC146A008D9307 /* Pitch Perfect */ = {
			isa = PBXGroup;
			children = (
				4E3C2C971AAC146A008D9307 /* AppDelegate.swift */,
				4E3C2C991AAC146A008D9307 /* RecordSoundBiteViewController.swift */,
				4E3C2C9B1AAC146A008D9307 /* Main.storyboard */,
				4E3C2CB71AAD1AF5008D9307 /* PlaySoundBiteViewController.swift */,
				4E3C2C9E1AAC146A008D9307 /* Images.xcassets */,
				4E3C2CA01AAC146A008D9307 /* LaunchScreen.xib */,
				4E3C2C951AAC146A008D9307 /* Supporting Files */,
				4E49772C1AB29B1A00C6C02C /* SoundBite.swift */,
				4E49772E1AB4C62B00C6C02C /* SoundBiteManager.swift */,
			);
			path = "Pitch Perfect";
			sourceTree = "<group>";
		};
		4E3C2C951AAC146A008D9307 /* Supporting Files */ = {
			isa = PBXGroup;
			children = (
				4E3C2C961AAC146A008D9307 /* Info.plist */,
			);
			name = "Supporting Files";
			sourceTree = "<group>";
		};
		4E3C2CAA1AAC146A008D9307 /* Pitch PerfectTests */ = {
			isa = PBXGroup;
			children = (
				4E3C2CAD1AAC146A008D9307 /* Pitch_PerfectTests.swift */,
				4E3C2CAB1AAC146A008D9307 /* Supporting Files */,
			);
			path = "Pitch PerfectTests";
			sourceTree = "<group>";
		};
		4E3C2CAB1AAC146A008D9307 /* Supporting Files */ = {
			isa = PBXGroup;
			children = (
				4E3C2CAC1AAC146A008D9307 /* Info.plist */,
			);
			name = "Supporting Files";
			sourceTree = "<group>";
		};
/* End PBXGroup section */

/* Begin PBXNativeTarget section */
		4E3C2C911AAC146A008D9307 /* Pitch Perfect */ = {
			isa = PBXNativeTarget;
			buildConfigurationList = 4E3C2CB11AAC146A008D9307 /* Build configuration list for PBXNativeTarget "Pitch Perfect" */;
			buildPhases = (
				4E3C2C8E1AAC146A008D9307 /* Sources */,
				4E3C2C8F1AAC146A008D9307 /* Frameworks */,
				4E3C2C901AAC146A008D9307 /* Resources */,
			);
			buildRules = (
			);
			dependencies = (
			);
			name = "Pitch Perfect";
			productName = "Pitch Perfect";
			productReference = 4E3C2C921AAC146A008D9307 /* Pitch Perfect.app */;
			productType = "com.apple.product-type.application";
		};
		4E3C2CA61AAC146A008D9307 /* Pitch PerfectTests */ = {
			isa = PBXNativeTarget;
			buildConfigurationList = 4E3C2CB41AAC146A008D9307 /* Build configuration list for PBXNativeTarget "Pitch PerfectTests" */;
			buildPhases = (
				4E3C2CA31AAC146A008D9307 /* Sources */,
				4E3C2CA41AAC146A008D9307 /* Frameworks */,
				4E3C2CA51AAC146A008D9307 /* Resources */,
			);
			buildRules = (
			);
			dependencies = (
				4E3C2CA91AAC146A008D9307 /* PBXTargetDependency */,
			);
			name = "Pitch PerfectTests";
			productName = "Pitch PerfectTests";
			productReference = 4E3C2CA71AAC146A008D9307 /* Pitch PerfectTests.xctest */;
			productType = "com.apple.product-type.bundle.unit-test";
		};
/* End PBXNativeTarget section */

/* Begin PBXProject section */
		4E3C2C8A1AAC146A008D9307 /* Project object */ = {
			isa = PBXProject;
			attributes = {
				LastUpgradeCheck = 0610;
				ORGANIZATIONNAME = "Brian Moriarty";
				TargetAttributes = {
					4E3C2C911AAC146A008D9307 = {
						CreatedOnToolsVersion = 6.1.1;
						DevelopmentTeam = S6X628U2P5;
					};
					4E3C2CA61AAC146A008D9307 = {
						CreatedOnToolsVersion = 6.1.1;
						TestTargetID = 4E3C2C911AAC146A008D9307;
					};
				};
			};
			buildConfigurationList = 4E3C2C8D1AAC146A008D9307 /* Build configuration list for PBXProject "Pitch Perfect" */;
			compatibilityVersion = "Xcode 3.2";
			developmentRegion = English;
			hasScannedForEncodings = 0;
			knownRegions = (
				en,
				Base,
			);
			mainGroup = 4E3C2C891AAC146A008D9307;
			productRefGroup = 4E3C2C931AAC146A008D9307 /* Products */;
			projectDirPath = "";
			projectRoot = "";
			targets = (
				4E3C2C911AAC146A008D9307 /* Pitch Perfect */,
				4E3C2CA61AAC146A008D9307 /* Pitch PerfectTests */,
			);
		};
/* End PBXProject section */

/* Begin PBXResourcesBuildPhase section */
		4E3C2C901AAC146A008D9307 /* Resources */ = {
			isa = PBXResourcesBuildPhase;
			buildActionMask = 2147483647;
			files = (
				4E3C2C9D1AAC146A008D9307 /* Main.storyboard in Resources */,
				4E3C2CA21AAC146A008D9307 /* LaunchScreen.xib in Resources */,
				4E3C2C9F1AAC146A008D9307 /* Images.xcassets in Resources */,
			);
			runOnlyForDeploymentPostprocessing = 0;
		};
		4E3C2CA51AAC146A008D9307 /* Resources */ = {
			isa = PBXResourcesBuildPhase;
			buildActionMask = 2147483647;
			files = (
			);
			runOnlyForDeploymentPostprocessing = 0;
		};
/* End PBXResourcesBuildPhase section */

/* Begin PBXSourcesBuildPhase section */
		4E3C2C8E1AAC146A008D9307 /* Sources */ = {
			isa = PBXSourcesBuildPhase;
			buildActionMask = 2147483647;
			files = (
				4E49772D1AB29B1B00C6C02C /* SoundBite.swift in Sources */,
				4E3C2C9A1AAC146A008D9307 /* RecordSoundBiteViewController.swift in Sources */,
				4E3C2CB81AAD1AF5008D9307 /* PlaySoundBiteViewController.swift in Sources */,
				4E3C2C981AAC146A008D9307 /* AppDelegate.swift in Sources */,
				4E49772F1AB4C62B00C6C02C /* SoundBiteManager.swift in Sources */,
			);
			runOnlyForDeploymentPostprocessing = 0;
		};
		4E3C2CA31AAC146A008D9307 /* Sources */ = {
			isa = PBXSourcesBuildPhase;
			buildActionMask = 2147483647;
			files = (
				4E3C2CAE1AAC146A008D9307 /* Pitch_PerfectTests.swift in Sources */,
			);
			runOnlyForDeploymentPostprocessing = 0;
		};
/* End PBXSourcesBuildPhase section */

/* Begin PBXTargetDependency section */
		4E3C2CA91AAC146A008D9307 /* PBXTargetDependency */ = {
			isa = PBXTargetDependency;
			target = 4E3C2C911AAC146A008D9307 /* Pitch Perfect */;
			targetProxy = 4E3C2CA81AAC146A008D9307 /* PBXContainerItemProxy */;
		};
/* End PBXTargetDependency section */

/* Begin PBXVariantGroup section */
		4E3C2C9B1AAC146A008D9307 /* Main.storyboard */ = {
			isa = PBXVariantGroup;
			children = (
				4E3C2C9C1AAC146A008D9307 /* Base */,
			);
			name = Main.storyboard;
			sourceTree = "<group>";
		};
		4E3C2CA01AAC146A008D9307 /* LaunchScreen.xib */ = {
			isa = PBXVariantGroup;
			children = (
				4E3C2CA11AAC146A008D9307 /* Base */,
			);
			name = LaunchScreen.xib;
			sourceTree = "<group>";
		};
/* End PBXVariantGroup section */

/* Begin XCBuildConfiguration section */
		4E3C2CAF1AAC146A008D9307 /* Debug */ = {
			isa = XCBuildConfiguration;
			buildSettings = {
				ALWAYS_SEARCH_USER_PATHS = NO;
				CLANG_CXX_LANGUAGE_STANDARD = "gnu++0x";
				CLANG_CXX_LIBRARY = "libc++";
				CLANG_ENABLE_MODULES = YES;
				CLANG_ENABLE_OBJC_ARC = YES;
				CLANG_WARN_BOOL_CONVERSION = YES;
				CLANG_WARN_CONSTANT_CONVERSION = YES;
				CLANG_WARN_DIRECT_OBJC_ISA_USAGE = YES_ERROR;
				CLANG_WARN_EMPTY_BODY = YES;
				CLANG_WARN_ENUM_CONVERSION = YES;
				CLANG_WARN_INT_CONVERSION = YES;
				CLANG_WARN_OBJC_ROOT_CLASS = YES_ERROR;
				CLANG_WARN_UNREACHABLE_CODE = YES;
				CLANG_WARN__DUPLICATE_METHOD_MATCH = YES;
				"CODE_SIGN_IDENTITY[sdk=iphoneos*]" = "iPhone Developer";
				COPY_PHASE_STRIP = NO;
				ENABLE_STRICT_OBJC_MSGSEND = YES;
				GCC_C_LANGUAGE_STANDARD = gnu99;
				GCC_DYNAMIC_NO_PIC = NO;
				GCC_OPTIMIZATION_LEVEL = 0;
				GCC_PREPROCESSOR_DEFINITIONS = (
					"DEBUG=1",
					"$(inherited)",
				);
				GCC_SYMBOLS_PRIVATE_EXTERN = NO;
				GCC_WARN_64_TO_32_BIT_CONVERSION = YES;
				GCC_WARN_ABOUT_RETURN_TYPE = YES_ERROR;
				GCC_WARN_UNDECLARED_SELECTOR = YES;
				GCC_WARN_UNINITIALIZED_AUTOS = YES_AGGRESSIVE;
				GCC_WARN_UNUSED_FUNCTION = YES;
				GCC_WARN_UNUSED_VARIABLE = YES;
				IPHONEOS_DEPLOYMENT_TARGET = 8.1;
				MTL_ENABLE_DEBUG_INFO = YES;
				ONLY_ACTIVE_ARCH = YES;
				SDKROOT = iphoneos;
				SWIFT_OPTIMIZATION_LEVEL = "-Onone";
				TARGETED_DEVICE_FAMILY = "1,2";
			};
			name = Debug;
		};
		4E3C2CB01AAC146A008D9307 /* Release */ = {
			isa = XCBuildConfiguration;
			buildSettings = {
				ALWAYS_SEARCH_USER_PATHS = NO;
				CLANG_CXX_LANGUAGE_STANDARD = "gnu++0x";
				CLANG_CXX_LIBRARY = "libc++";
				CLANG_ENABLE_MODULES = YES;
				CLANG_ENABLE_OBJC_ARC = YES;
				CLANG_WARN_BOOL_CONVERSION = YES;
				CLANG_WARN_CONSTANT_CONVERSION = YES;
				CLANG_WARN_DIRECT_OBJC_ISA_USAGE = YES_ERROR;
				CLANG_WARN_EMPTY_BODY = YES;
				CLANG_WARN_ENUM_CONVERSION = YES;
				CLANG_WARN_INT_CONVERSION = YES;
				CLANG_WARN_OBJC_ROOT_CLASS = YES_ERROR;
				CLANG_WARN_UNREACHABLE_CODE = YES;
				CLANG_WARN__DUPLICATE_METHOD_MATCH = YES;
				"CODE_SIGN_IDENTITY[sdk=iphoneos*]" = "iPhone Developer";
				COPY_PHASE_STRIP = YES;
				ENABLE_NS_ASSERTIONS = NO;
				ENABLE_STRICT_OBJC_MSGSEND = YES;
				GCC_C_LANGUAGE_STANDARD = gnu99;
				GCC_WARN_64_TO_32_BIT_CONVERSION = YES;
				GCC_WARN_ABOUT_RETURN_TYPE = YES_ERROR;
				GCC_WARN_UNDECLARED_SELECTOR = YES;
				GCC_WARN_UNINITIALIZED_AUTOS = YES_AGGRESSIVE;
				GCC_WARN_UNUSED_FUNCTION = YES;
				GCC_WARN_UNUSED_VARIABLE = YES;
				IPHONEOS_DEPLOYMENT_TARGET = 8.1;
				MTL_ENABLE_DEBUG_INFO = NO;
				SDKROOT = iphoneos;
				TARGETED_DEVICE_FAMILY = "1,2";
				VALIDATE_PRODUCT = YES;
			};
			name = Release;
		};
		4E3C2CB21AAC146A008D9307 /* Debug */ = {
			isa = XCBuildConfiguration;
			buildSettings = {
				ASSETCATALOG_COMPILER_APPICON_NAME = AppIcon;
				CODE_SIGN_IDENTITY = "iPhone Developer";
				"CODE_SIGN_IDENTITY[sdk=iphoneos*]" = "iPhone Developer";
				FRAMEWORK_SEARCH_PATHS = (
					"$(inherited)",
					"$(PROJECT_DIR)",
				);
				INFOPLIST_FILE = "Pitch Perfect/Info.plist";
				LD_RUNPATH_SEARCH_PATHS = "$(inherited) @executable_path/Frameworks";
				PRODUCT_NAME = "$(TARGET_NAME)";
				PROVISIONING_PROFILE = "";
			};
			name = Debug;
		};
		4E3C2CB31AAC146A008D9307 /* Release */ = {
			isa = XCBuildConfiguration;
			buildSettings = {
				ASSETCATALOG_COMPILER_APPICON_NAME = AppIcon;
				CODE_SIGN_IDENTITY = "iPhone Developer";
				"CODE_SIGN_IDENTITY[sdk=iphoneos*]" = "iPhone Developer";
				FRAMEWORK_SEARCH_PATHS = (
					"$(inherited)",
					"$(PROJECT_DIR)",
				);
				INFOPLIST_FILE = "Pitch Perfect/Info.plist";
				LD_RUNPATH_SEARCH_PATHS = "$(inherited) @executable_path/Frameworks";
				PRODUCT_NAME = "$(TARGET_NAME)";
				PROVISIONING_PROFILE = "";
			};
			name = Release;
		};
		4E3C2CB51AAC146A008D9307 /* Debug */ = {
			isa = XCBuildConfiguration;
			buildSettings = {
				BUNDLE_LOADER = "$(TEST_HOST)";
				FRAMEWORK_SEARCH_PATHS = (
					"$(SDKROOT)/Developer/Library/Frameworks",
					"$(inherited)",
				);
				GCC_PREPROCESSOR_DEFINITIONS = (
					"DEBUG=1",
					"$(inherited)",
				);
				INFOPLIST_FILE = "Pitch PerfectTests/Info.plist";
				LD_RUNPATH_SEARCH_PATHS = "$(inherited) @executable_path/Frameworks @loader_path/Frameworks";
				PRODUCT_NAME = "$(TARGET_NAME)";
				TEST_HOST = "$(BUILT_PRODUCTS_DIR)/Pitch Perfect.app/Pitch Perfect";
			};
			name = Debug;
		};
		4E3C2CB61AAC146A008D9307 /* Release */ = {
			isa = XCBuildConfiguration;
			buildSettings = {
				BUNDLE_LOADER = "$(TEST_HOST)";
				FRAMEWORK_SEARCH_PATHS = (
					"$(SDKROOT)/Developer/Library/Frameworks",
					"$(inherited)",
				);
				INFOPLIST_FILE = "Pitch PerfectTests/Info.plist";
				LD_RUNPATH_SEARCH_PATHS = "$(inherited) @executable_path/Frameworks @loader_path/Frameworks";
				PRODUCT_NAME = "$(TARGET_NAME)";
				TEST_HOST = "$(BUILT_PRODUCTS_DIR)/Pitch Perfect.app/Pitch Perfect";
			};
			name = Release;
		};
/* End XCBuildConfiguration section */

/* Begin XCConfigurationList section */
		4E3C2C8D1AAC146A008D9307 /* Build configuration list for PBXProject "Pitch Perfect" */ = {
			isa = XCConfigurationList;
			buildConfigurations = (
				4E3C2CAF1AAC146A008D9307 /* Debug */,
				4E3C2CB01AAC146A008D9307 /* Release */,
			);
			defaultConfigurationIsVisible = 0;
			defaultConfigurationName = Release;
		};
		4E3C2CB11AAC146A008D9307 /* Build configuration list for PBXNativeTarget "Pitch Perfect" */ = {
			isa = XCConfigurationList;
			buildConfigurations = (
				4E3C2CB21AAC146A008D9307 /* Debug */,
				4E3C2CB31AAC146A008D9307 /* Release */,
			);
			defaultConfigurationIsVisible = 0;
			defaultConfigurationName = Release;
		};
		4E3C2CB41AAC146A008D9307 /* Build configuration list for PBXNativeTarget "Pitch PerfectTests" */ = {
			isa = XCConfigurationList;
			buildConfigurations = (
				4E3C2CB51AAC146A008D9307 /* Debug */,
				4E3C2CB61AAC146A008D9307 /* Release */,
			);
			defaultConfigurationIsVisible = 0;
			defaultConfigurationName = Release;
		};
/* End XCConfigurationList section */
	};
	rootObject = 4E3C2C8A1AAC146A008D9307 /* Project object */;
}
